
Microsoft Visual Studio Solution File, Format Version 12.00
# Visual Studio Version 17
VisualStudioVersion = 17.11.35222.181
MinimumVisualStudioVersion = 10.0.40219.1
Project("{FAE04EC0-301F-11D3-BF4B-00C04F79EFBC}") = "CvProje1", "CvProje1\CvProje1.csproj", "{D6E49B4A-6B84-4E95-A0A8-EE42FE1CF674}"
EndProject
Global
	GlobalSection(SolutionConfigurationPlatforms) = preSolution
		Debug|Any CPU = Debug|Any CPU
		Release|Any CPU = Release|Any CPU
	EndGlobalSection
	GlobalSection(ProjectConfigurationPlatforms) = postSolution
		{D6E49B4A-6B84-4E95-A0A8-EE42FE1CF674}.Debug|Any CPU.ActiveCfg = Debug|Any CPU
		{D6E49B4A-6B84-4E95-A0A8-EE42FE1CF674}.Debug|Any CPU.Build.0 = Debug|Any CPU
		{D6E49B4A-6B84-4E95-A0A8-EE42FE1CF674}.Release|Any CPU.ActiveCfg = Release|Any CPU
		{D6E49B4A-6B84-4E95-A0A8-EE42FE1CF674}.Release|Any CPU.Build.0 = Release|Any CPU
	EndGlobalSection
	GlobalSection(SolutionProperties) = preSolution
		HideSolutionNode = FALSE
	EndGlobalSection
	GlobalSection(ExtensibilityGlobals) = postSolution
		SolutionGuid = {C8C6B76E-DCA2-49A8-B4EF-22BDFD2FF028}
	EndGlobalSection
EndGlobal
